# THIS IS AN AUTOGENERATED FILE. DO NOT EDIT THIS FILE DIRECTLY.
# yarn lockfile v1


"@confluxproject/bytes@^5.0.4":
  version "5.0.8"
  resolved "https://registry.yarnpkg.com/@confluxproject/bytes/-/bytes-5.0.8.tgz#2649519fc1c095046fcb61c7e88f174404fd166d"
  integrity sha512-t3FlS1OU7QpDO/vybSZqDZwqYO9+eS+qHB+iK1Y77gRqBgck9vqVZabRyBmuv0wEKO0KBB7Adq2cuJm9Mj3qtg==
  dependencies:
    "@confluxproject/logger" "^5.0.5"

"@confluxproject/keccak256@^5.0.6":
  version "5.0.6"
  resolved "https://registry.yarnpkg.com/@confluxproject/keccak256/-/keccak256-5.0.6.tgz#0c121185d2cc1befc2d9af550710682f88cddf39"
  integrity sha512-a5rj+QSJGCB4TPfFBcCzEprEmxLBAVlJg69u6Xxzgh4ugTBv/B6vURFQ3uU+G/qhBmdwpgz1Vdx+tJD2RvWqRg==
  dependencies:
    "@confluxproject/bytes" "^5.0.4"
    js-sha3 "0.5.7"

"@confluxproject/logger@^5.0.5":
  version "5.0.10"
  resolved "https://registry.yarnpkg.com/@confluxproject/logger/-/logger-5.0.10.tgz#c43ea635b37fd08f359bfb580fededf071f53427"
  integrity sha512-2+JlgHbiv1fbTWrKkbQiTSt55RSVeAASTmPkwhk7Z2CQT/83zihQG9ovkuuDw/u0UZW467hzWZQaopZ6g/DuKg==

"@web3-react/abstract-connector@^6.0.7":
  version "6.0.7"
  resolved "https://registry.yarnpkg.com/@web3-react/abstract-connector/-/abstract-connector-6.0.7.tgz#401b3c045f1e0fab04256311be49d5144e9badc6"
  integrity sha512-RhQasA4Ox8CxUC0OENc1AJJm8UTybu/oOCM61Zjg6y0iF7Z0sqv1Ai1VdhC33hrQpA8qSBgoXN9PaP8jKmtdqg==
  dependencies:
    "@web3-react/types" "^6.0.7"

"@web3-react/types@^6.0.7":
  version "6.0.7"
  resolved "https://registry.yarnpkg.com/@web3-react/types/-/types-6.0.7.tgz#34a6204224467eedc6123abaf55fbb6baeb2809f"
  integrity sha512-ofGmfDhxmNT1/P/MgVa8IKSkCStFiyvXe+U5tyZurKdrtTDFU+wJ/LxClPDtFerWpczNFPUSrKcuhfPX1sI6+A==

js-sha3@0.5.7:
  version "0.5.7"
  resolved "https://registry.yarnpkg.com/js-sha3/-/js-sha3-0.5.7.tgz#0d4ffd8002d5333aabaf4a23eed2f6374c9f28e7"
  integrity sha1-DU/9gALVMzqrr0oj7tL2N0yfKOc=

tiny-invariant@^1.0.6:
  version "1.1.0"
  resolved "https://registry.yarnpkg.com/tiny-invariant/-/tiny-invariant-1.1.0.tgz#634c5f8efdc27714b7f386c35e6760991d230875"
  integrity sha512-ytxQvrb1cPc9WBEI/HSeYYoGD0kWnGEOR8RY6KomWLBVhqz0RgTwVO9dLrGz7dC+nN9llyI7OKAgRq8Vq4ZBSw==

tiny-warning@^1.0.3:
  version "1.0.3"
  resolved "https://registry.yarnpkg.com/tiny-warning/-/tiny-warning-1.0.3.tgz#94a30db453df4c643d0fd566060d60a875d84754"
  integrity sha512-lBN9zLN/oAf68o3zNXYrdCt1kP8WsiGW8Oo2ka41b2IM5JL/S1CTyX1rW0mb/zSuJun0ZUrDxx4sqvYS2FWzPA==
