# THIS IS AN AUTOGENERATED FILE. DO NOT EDIT THIS FILE DIRECTLY.
# yarn lockfile v1


"@conflux-dev/conflux-address-js@^1.3.12":
  version "1.3.13"
  resolved "https://registry.yarnpkg.com/@conflux-dev/conflux-address-js/-/conflux-address-js-1.3.13.tgz#055909fe15e0eaa9ab890061a4845f323923a6ae"
  integrity sha512-gFmo1goyt3wTauyRSfIooymaJSj+e7Lv4gRXpUQA+DZnJWsdPTuoPTKWLrQ6e661RTSFpcusmDrq6j6FWP9njw==
  dependencies:
    jsbi "^3.1.4"

"@confluxproject/address@^5.0.38":
  version "5.0.38"
  resolved "https://registry.yarnpkg.com/@confluxproject/address/-/address-5.0.38.tgz#ec1c7a3d28cb060d99e10df0435f441f5aa04f33"
  integrity sha512-RHVroUg2LsfFWNWV6AdqOqDYyxUTgC8D/XD3hkXXUWYIDePGdyLPP9MK6LKAIMBPuShX0N03c/xR+AOO50BMxw==
  dependencies:
    "@conflux-dev/conflux-address-js" "^1.3.12"
    "@confluxproject/bignumber" "^5.0.38"
    "@confluxproject/bytes" "^5.0.38"
    "@confluxproject/keccak256" "^5.0.38"
    "@confluxproject/logger" "^5.0.38"
    "@confluxproject/rlp" "^5.0.38"

"@confluxproject/bignumber@^5.0.38":
  version "5.0.38"
  resolved "https://registry.yarnpkg.com/@confluxproject/bignumber/-/bignumber-5.0.38.tgz#484487f09bfbcf319ca22cf4bdfc860c78f43899"
  integrity sha512-7iDxmJzO9/d3yWMUOet0LmxPxsFIshyUQXenC2DpOLN9yOc3IgyTYm7hlw5B77t9F/BgeaQRJStzPtJ+oCwitg==
  dependencies:
    "@confluxproject/bytes" "^5.0.38"
    "@confluxproject/logger" "^5.0.38"
    bn.js "^4.4.0"

"@confluxproject/bytes@^5.0.38":
  version "5.0.38"
  resolved "https://registry.yarnpkg.com/@confluxproject/bytes/-/bytes-5.0.38.tgz#688976c0872c64b5dd78b03da2776d44f86c30c6"
  integrity sha512-VjmqagjaPCbxsl1i8LA6GejYJ317VO7hIYuakpJ1dFS5Q/Y5AchGLjaZWGV/dbImS9co6GEbv7QdN1sEYfVWSA==
  dependencies:
    "@confluxproject/logger" "^5.0.38"

"@confluxproject/keccak256@^5.0.38":
  version "5.0.38"
  resolved "https://registry.yarnpkg.com/@confluxproject/keccak256/-/keccak256-5.0.38.tgz#73ce0b0b87c4cc3f8c2efb5e7cb5416c9375f16c"
  integrity sha512-l1Ly0ctNtbfmjL33rhnBfnw1MVlRhmNpEZVey0vfGHmywRMmDYZVm9eXedLtpraUOMq4BWT3N6Wa+sIRduKsOQ==
  dependencies:
    "@confluxproject/bytes" "^5.0.38"
    js-sha3 "0.5.7"

"@confluxproject/logger@^5.0.38":
  version "5.0.38"
  resolved "https://registry.yarnpkg.com/@confluxproject/logger/-/logger-5.0.38.tgz#cea45ab66700ba66f1b01a3233a8c6a9a2f0c8ab"
  integrity sha512-URA2Mty+l/9Qw911nV5ubz1TNlQjkIJEhZyuQDx+TI0LWfp66y0L9A2JZ+S+bCfxFNtvpTJh0WfmnRpnZswZiA==

"@confluxproject/rlp@^5.0.38":
  version "5.0.38"
  resolved "https://registry.yarnpkg.com/@confluxproject/rlp/-/rlp-5.0.38.tgz#a4234f2ca8606c8d4ed92a55ecc3f42f28400134"
  integrity sha512-/hoLA4cIltg2ZORc5FnqU8S5XDvkpIEzzGruEaCHT9DxSv5KPW0bSQdk4MYAJZtjY/IE/UC+fad8SaNY0I1uQA==
  dependencies:
    "@confluxproject/bytes" "^5.0.38"
    "@confluxproject/logger" "^5.0.38"

"@web3-react/abstract-connector@^6.0.7":
  version "6.0.7"
  resolved "https://registry.yarnpkg.com/@web3-react/abstract-connector/-/abstract-connector-6.0.7.tgz#401b3c045f1e0fab04256311be49d5144e9badc6"
  integrity sha512-RhQasA4Ox8CxUC0OENc1AJJm8UTybu/oOCM61Zjg6y0iF7Z0sqv1Ai1VdhC33hrQpA8qSBgoXN9PaP8jKmtdqg==
  dependencies:
    "@web3-react/types" "^6.0.7"

"@web3-react/types@^6.0.7":
  version "6.0.7"
  resolved "https://registry.yarnpkg.com/@web3-react/types/-/types-6.0.7.tgz#34a6204224467eedc6123abaf55fbb6baeb2809f"
  integrity sha512-ofGmfDhxmNT1/P/MgVa8IKSkCStFiyvXe+U5tyZurKdrtTDFU+wJ/LxClPDtFerWpczNFPUSrKcuhfPX1sI6+A==

bn.js@^4.4.0:
  version "4.12.0"
  resolved "https://registry.yarnpkg.com/bn.js/-/bn.js-4.12.0.tgz#775b3f278efbb9718eec7361f483fb36fbbfea88"
  integrity sha512-c98Bf3tPniI+scsdk237ku1Dc3ujXQTSgyiPUDEOe7tRkhrqridvh8klBv0HCEso1OLOYcHuCv/cS6DNxKH+ZA==

js-sha3@0.5.7:
  version "0.5.7"
  resolved "https://registry.yarnpkg.com/js-sha3/-/js-sha3-0.5.7.tgz#0d4ffd8002d5333aabaf4a23eed2f6374c9f28e7"
  integrity sha1-DU/9gALVMzqrr0oj7tL2N0yfKOc=

jsbi@^3.1.4:
  version "3.2.5"
  resolved "https://registry.yarnpkg.com/jsbi/-/jsbi-3.2.5.tgz#b37bb90e0e5c2814c1c2a1bcd8c729888a2e37d6"
  integrity sha512-aBE4n43IPvjaddScbvWRA2YlTzKEynHzu7MqOyTipdHucf/VxS63ViCjxYRg86M8Rxwbt/GfzHl1kKERkt45fQ==

tiny-invariant@^1.0.6:
  version "1.2.0"
  resolved "https://registry.yarnpkg.com/tiny-invariant/-/tiny-invariant-1.2.0.tgz#a1141f86b672a9148c72e978a19a73b9b94a15a9"
  integrity sha512-1Uhn/aqw5C6RI4KejVeTg6mIS7IqxnLJ8Mv2tV5rTc0qWobay7pDUz6Wi392Cnc8ak1H0F2cjoRzb2/AW4+Fvg==

tiny-warning@^1.0.3:
  version "1.0.3"
  resolved "https://registry.yarnpkg.com/tiny-warning/-/tiny-warning-1.0.3.tgz#94a30db453df4c643d0fd566060d60a875d84754"
  integrity sha512-lBN9zLN/oAf68o3zNXYrdCt1kP8WsiGW8Oo2ka41b2IM5JL/S1CTyX1rW0mb/zSuJun0ZUrDxx4sqvYS2FWzPA==
