# THIS IS AN AUTOGENERATED FILE. DO NOT EDIT THIS FILE DIRECTLY.
# yarn lockfile v1


"@confluxproject/address@^5.0.35":
  version "5.0.35"
  resolved "https://registry.yarnpkg.com/@confluxproject/address/-/address-5.0.35.tgz#93d06139f12ded0f4ac0b4dd0393e59b0c99fd65"
  integrity sha512-8VZC9pCneT9SOjg5YwQQ9unrZpp37z1CRUzHQz6KTxD1LcoOPQFBon1Lw4o31Kh9PIGYXqcfsh7rblc1mbjawA==
  dependencies:
    "@confluxproject/bignumber" "^5.0.35"
    "@confluxproject/bytes" "^5.0.35"
    "@confluxproject/keccak256" "^5.0.35"
    "@confluxproject/logger" "^5.0.35"
    "@confluxproject/rlp" "^5.0.35"
    conflux-address-js "^1.0.4"

"@confluxproject/bignumber@^5.0.35":
  version "5.0.35"
  resolved "https://registry.yarnpkg.com/@confluxproject/bignumber/-/bignumber-5.0.35.tgz#c29bff9a4842bd6ee18ea690a6ba0a5d0fb36651"
  integrity sha512-Q2OhbuchPaVH+PwYxFrYaCBmPLalasTXAtxkaKBTDbRqhwYZcAYRxE13MXOlsHmHXcoRN+k5pjOUxCP/29FBnA==
  dependencies:
    "@confluxproject/bytes" "^5.0.35"
    "@confluxproject/logger" "^5.0.35"
    bn.js "^4.4.0"

"@confluxproject/bytes@^5.0.35":
  version "5.0.35"
  resolved "https://registry.yarnpkg.com/@confluxproject/bytes/-/bytes-5.0.35.tgz#ae37dba1e20cc52b58f2c00712eddcb41b175bc5"
  integrity sha512-exju35nDAiZ35xndRAGuQjyiheVZ1Jnse3pBwY+ePF2iDWRIAl8Mvqh54qg0ZP9FWLeOBAqmJTqnFdTwNs/yEA==
  dependencies:
    "@confluxproject/logger" "^5.0.35"

"@confluxproject/keccak256@^5.0.35":
  version "5.0.35"
  resolved "https://registry.yarnpkg.com/@confluxproject/keccak256/-/keccak256-5.0.35.tgz#a606183b4cfd87779cfe28986d23891848e934da"
  integrity sha512-99DJNHe9nIL0V+SN/DUT+uS6C7joY1l5Ky+T8NJIq2JuPx+do4iE807nLSHnoTLu/nDHdxtP19Qj9u5TQ4Goag==
  dependencies:
    "@confluxproject/bytes" "^5.0.35"
    js-sha3 "0.5.7"

"@confluxproject/logger@^5.0.35":
  version "5.0.35"
  resolved "https://registry.yarnpkg.com/@confluxproject/logger/-/logger-5.0.35.tgz#2fa21fdafad31b295fde8b00137b74dd355d46da"
  integrity sha512-jWM6ZpXEQRNROuv2Q/iLgS+6g4pLmrtyMex2M6hCBuwztQHJR0Tq6EjWoIchXYV88SwfTcqwLD+e/J0B7VVotA==

"@confluxproject/rlp@^5.0.35":
  version "5.0.35"
  resolved "https://registry.yarnpkg.com/@confluxproject/rlp/-/rlp-5.0.35.tgz#739d979ff9434897d5fc3023cbf02278d850c242"
  integrity sha512-9+5nXpo6Quum5MJBt5Lf4g+ahf51xhg7v+ZMpJRRj+TEDB0gEd33TGEgE9UBF7Aj/t32perSaHxxQGEkWV2sVw==
  dependencies:
    "@confluxproject/bytes" "^5.0.35"
    "@confluxproject/logger" "^5.0.35"

"@web3-react/abstract-connector@^6.0.7":
  version "6.0.7"
  resolved "https://registry.yarnpkg.com/@web3-react/abstract-connector/-/abstract-connector-6.0.7.tgz#401b3c045f1e0fab04256311be49d5144e9badc6"
  integrity sha512-RhQasA4Ox8CxUC0OENc1AJJm8UTybu/oOCM61Zjg6y0iF7Z0sqv1Ai1VdhC33hrQpA8qSBgoXN9PaP8jKmtdqg==
  dependencies:
    "@web3-react/types" "^6.0.7"

"@web3-react/types@^6.0.7":
  version "6.0.7"
  resolved "https://registry.yarnpkg.com/@web3-react/types/-/types-6.0.7.tgz#34a6204224467eedc6123abaf55fbb6baeb2809f"
  integrity sha512-ofGmfDhxmNT1/P/MgVa8IKSkCStFiyvXe+U5tyZurKdrtTDFU+wJ/LxClPDtFerWpczNFPUSrKcuhfPX1sI6+A==

bigi@^1.4.2:
  version "1.4.2"
  resolved "https://registry.yarnpkg.com/bigi/-/bigi-1.4.2.tgz#9c665a95f88b8b08fc05cfd731f561859d725825"
  integrity sha1-nGZalfiLiwj8Bc/XMfVhhZ1yWCU=

bn.js@^4.4.0:
  version "4.12.0"
  resolved "https://registry.yarnpkg.com/bn.js/-/bn.js-4.12.0.tgz#775b3f278efbb9718eec7361f483fb36fbbfea88"
  integrity sha512-c98Bf3tPniI+scsdk237ku1Dc3ujXQTSgyiPUDEOe7tRkhrqridvh8klBv0HCEso1OLOYcHuCv/cS6DNxKH+ZA==

conflux-address-js@^1.0.4:
  version "1.0.4"
  resolved "https://registry.yarnpkg.com/conflux-address-js/-/conflux-address-js-1.0.4.tgz#fc2f0972ea7a4aea9ac30218e8af199ee75ca0de"
  integrity sha512-RGfeX5t7evZKGtq82EbsTiCkiA2KUJ5SVosVQuMFg1zURuXdstk1GESLgt3j6fDuK+hZNXUKhtCsCS2lMLkFgA==
  dependencies:
    bigi "^1.4.2"

js-sha3@0.5.7:
  version "0.5.7"
  resolved "https://registry.yarnpkg.com/js-sha3/-/js-sha3-0.5.7.tgz#0d4ffd8002d5333aabaf4a23eed2f6374c9f28e7"
  integrity sha1-DU/9gALVMzqrr0oj7tL2N0yfKOc=

tiny-invariant@^1.0.6:
  version "1.1.0"
  resolved "https://registry.yarnpkg.com/tiny-invariant/-/tiny-invariant-1.1.0.tgz#634c5f8efdc27714b7f386c35e6760991d230875"
  integrity sha512-ytxQvrb1cPc9WBEI/HSeYYoGD0kWnGEOR8RY6KomWLBVhqz0RgTwVO9dLrGz7dC+nN9llyI7OKAgRq8Vq4ZBSw==

tiny-warning@^1.0.3:
  version "1.0.3"
  resolved "https://registry.yarnpkg.com/tiny-warning/-/tiny-warning-1.0.3.tgz#94a30db453df4c643d0fd566060d60a875d84754"
  integrity sha512-lBN9zLN/oAf68o3zNXYrdCt1kP8WsiGW8Oo2ka41b2IM5JL/S1CTyX1rW0mb/zSuJun0ZUrDxx4sqvYS2FWzPA==
